
Microsoft Visual Studio Solution File, Format Version 12.00
# Visual Studio 2012
Project("{FAE04EC0-301F-11D3-BF4B-00C04F79EFBC}") = "OperationTridentBackEnd", "OperationTridentBackEnd\OperationTridentBackEnd.csproj", "{D2414A8D-9D02-4F89-BD54-E2D5A4515CAB}"
EndProject
Global
	GlobalSection(SolutionConfigurationPlatforms) = preSolution
		Debug|x86 = Debug|x86
		Release|x86 = Release|x86
	EndGlobalSection
	GlobalSection(ProjectConfigurationPlatforms) = postSolution
		{D2414A8D-9D02-4F89-BD54-E2D5A4515CAB}.Debug|x86.ActiveCfg = Debug|x86
		{D2414A8D-9D02-4F89-BD54-E2D5A4515CAB}.Debug|x86.Build.0 = Debug|x86
		{D2414A8D-9D02-4F89-BD54-E2D5A4515CAB}.Release|x86.ActiveCfg = Release|x86
		{D2414A8D-9D02-4F89-BD54-E2D5A4515CAB}.Release|x86.Build.0 = Release|x86
	EndGlobalSection
EndGlobal
